// !$*UTF8*$!
{
	archiveVersion = 1;
	classes = {
	};
	objectVersion = 56;
	objects = {

/* Begin PBXBuildFile section */
		D47F9FDE2C18EEC80092A59E /* DessertRecipesApp.swift in Sources */ = {isa = PBXBuildFile; fileRef = D47F9FDD2C18EEC80092A59E /* DessertRecipesApp.swift */; };
		D47F9FED2C18EFB60092A59E /* Meal.swift in Sources */ = {isa = PBXBuildFile; fileRef = D47F9FEC2C18EFB60092A59E /* Meal.swift */; };
		D47F9FEF2C18F0100092A59E /* MealDetail.swift in Sources */ = {isa = PBXBuildFile; fileRef = D47F9FEE2C18F0100092A59E /* MealDetail.swift */; };
		D47F9FF22C18F1DC0092A59E /* ApiService.swift in Sources */ = {isa = PBXBuildFile; fileRef = D47F9FF12C18F1DC0092A59E /* ApiService.swift */; };
		D47F9FF62C18F2320092A59E /* MealListViewModel.swift in Sources */ = {isa = PBXBuildFile; fileRef = D47F9FF52C18F2320092A59E /* MealListViewModel.swift */; };
		D47F9FF82C18F2710092A59E /* MealDetailViewModel.swift in Sources */ = {isa = PBXBuildFile; fileRef = D47F9FF72C18F2710092A59E /* MealDetailViewModel.swift */; };
		D47F9FFB2C18F2B40092A59E /* ContentView.swift in Sources */ = {isa = PBXBuildFile; fileRef = D47F9FFA2C18F2B40092A59E /* ContentView.swift */; };
		D47F9FFD2C18F2EC0092A59E /* MealDetailView.swift in Sources */ = {isa = PBXBuildFile; fileRef = D47F9FFC2C18F2EC0092A59E /* MealDetailView.swift */; };
		D47F9FFF2C18F3130092A59E /* URLImage.swift in Sources */ = {isa = PBXBuildFile; fileRef = D47F9FFE2C18F3130092A59E /* URLImage.swift */; };
		D47FA0012C18F7E00092A59E /* MealItemView.swift in Sources */ = {isa = PBXBuildFile; fileRef = D47FA0002C18F7E00092A59E /* MealItemView.swift */; };
		D47FA0032C1915CF0092A59E /* BottomNavigationBar.swift in Sources */ = {isa = PBXBuildFile; fileRef = D47FA0022C1915CF0092A59E /* BottomNavigationBar.swift */; };
		D47FA0052C191C470092A59E /* MarqueeText.swift in Sources */ = {isa = PBXBuildFile; fileRef = D47FA0042C191C470092A59E /* MarqueeText.swift */; };
		D47FA0112C194B380092A59E /* SplashScreen.swift in Sources */ = {isa = PBXBuildFile; fileRef = D47FA0102C194B380092A59E /* SplashScreen.swift */; };
		D47FA0152C1996880092A59E /* RoundedCorner.swift in Sources */ = {isa = PBXBuildFile; fileRef = D47FA0142C1996880092A59E /* RoundedCorner.swift */; };
/* End PBXBuildFile section */

/* Begin PBXFileReference section */
		D47F9FDA2C18EEC80092A59E /* DesertRecipes.app */ = {isa = PBXFileReference; explicitFileType = wrapper.application; includeInIndex = 0; path = DesertRecipes.app; sourceTree = BUILT_PRODUCTS_DIR; };
		D47F9FDD2C18EEC80092A59E /* DessertRecipesApp.swift */ = {isa = PBXFileReference; lastKnownFileType = sourcecode.swift; path = DessertRecipesApp.swift; sourceTree = "<group>"; };
		D47F9FEC2C18EFB60092A59E /* Meal.swift */ = {isa = PBXFileReference; lastKnownFileType = sourcecode.swift; path = Meal.swift; sourceTree = "<group>"; };
		D47F9FEE2C18F0100092A59E /* MealDetail.swift */ = {isa = PBXFileReference; lastKnownFileType = sourcecode.swift; path = MealDetail.swift; sourceTree = "<group>"; };
		D47F9FF12C18F1DC0092A59E /* ApiService.swift */ = {isa = PBXFileReference; lastKnownFileType = sourcecode.swift; path = ApiService.swift; sourceTree = "<group>"; };
		D47F9FF52C18F2320092A59E /* MealListViewModel.swift */ = {isa = PBXFileReference; lastKnownFileType = sourcecode.swift; path = MealListViewModel.swift; sourceTree = "<group>"; };
		D47F9FF72C18F2710092A59E /* MealDetailViewModel.swift */ = {isa = PBXFileReference; lastKnownFileType = sourcecode.swift; path = MealDetailViewModel.swift; sourceTree = "<group>"; };
		D47F9FFA2C18F2B40092A59E /* ContentView.swift */ = {isa = PBXFileReference; lastKnownFileType = sourcecode.swift; path = ContentView.swift; sourceTree = "<group>"; };
		D47F9FFC2C18F2EC0092A59E /* MealDetailView.swift */ = {isa = PBXFileReference; lastKnownFileType = sourcecode.swift; path = MealDetailView.swift; sourceTree = "<group>"; };
		D47F9FFE2C18F3130092A59E /* URLImage.swift */ = {isa = PBXFileReference; lastKnownFileType = sourcecode.swift; path = URLImage.swift; sourceTree = "<group>"; };
		D47FA0002C18F7E00092A59E /* MealItemView.swift */ = {isa = PBXFileReference; lastKnownFileType = sourcecode.swift; path = MealItemView.swift; sourceTree = "<group>"; };
		D47FA0022C1915CF0092A59E /* BottomNavigationBar.swift */ = {isa = PBXFileReference; lastKnownFileType = sourcecode.swift; path = BottomNavigationBar.swift; sourceTree = "<group>"; };
		D47FA0042C191C470092A59E /* MarqueeText.swift */ = {isa = PBXFileReference; lastKnownFileType = sourcecode.swift; path = MarqueeText.swift; sourceTree = "<group>"; };
		D47FA0102C194B380092A59E /* SplashScreen.swift */ = {isa = PBXFileReference; lastKnownFileType = sourcecode.swift; path = SplashScreen.swift; sourceTree = "<group>"; };
		D47FA0142C1996880092A59E /* RoundedCorner.swift */ = {isa = PBXFileReference; lastKnownFileType = sourcecode.swift; path = RoundedCorner.swift; sourceTree = "<group>"; };
/* End PBXFileReference section */

/* Begin PBXFrameworksBuildPhase section */
		D47F9FD72C18EEC80092A59E /* Frameworks */ = {
			isa = PBXFrameworksBuildPhase;
			buildActionMask = 2147483647;
			files = (
			);
			runOnlyForDeploymentPostprocessing = 0;
		};
/* End PBXFrameworksBuildPhase section */

/* Begin PBXGroup section */
		D47F9FD12C18EEC70092A59E = {
			isa = PBXGroup;
			children = (
				D4932CAA2C19B6F400FD0D57 /* Screenshots */,
				D47F9FDC2C18EEC80092A59E /* DessertRecipes */,
				D47F9FDB2C18EEC80092A59E /* Products */,
			);
			sourceTree = "<group>";
		};
		D47F9FDB2C18EEC80092A59E /* Products */ = {
			isa = PBXGroup;
			children = (
				D47F9FDA2C18EEC80092A59E /* DesertRecipes.app */,
			);
			name = Products;
			sourceTree = "<group>";
		};
		D47F9FDC2C18EEC80092A59E /* DessertRecipes */ = {
			isa = PBXGroup;
			children = (
				D4932CA62C19A7A500FD0D57 /* Assets.xcassets */,
				D47F9FF92C18F2990092A59E /* Views */,
				D47F9FF32C18F1F20092A59E /* ViewModels */,
				D47F9FF02C18F1C30092A59E /* Services */,
				D47F9FEB2C18EF850092A59E /* Models */,
				D47F9FDD2C18EEC80092A59E /* DessertRecipesApp.swift */,
			);
			path = DessertRecipes;
			sourceTree = "<group>";
		};
		D47F9FEB2C18EF850092A59E /* Models */ = {
			isa = PBXGroup;
			children = (
				D47F9FEC2C18EFB60092A59E /* Meal.swift */,
				D47F9FEE2C18F0100092A59E /* MealDetail.swift */,
			);
			path = Models;
			sourceTree = "<group>";
		};
		D47F9FF02C18F1C30092A59E /* Services */ = {
			isa = PBXGroup;
			children = (
				D47F9FF12C18F1DC0092A59E /* ApiService.swift */,
			);
			path = Services;
			sourceTree = "<group>";
		};
		D47F9FF32C18F1F20092A59E /* ViewModels */ = {
			isa = PBXGroup;
			children = (
				D47F9FF52C18F2320092A59E /* MealListViewModel.swift */,
				D47F9FF72C18F2710092A59E /* MealDetailViewModel.swift */,
			);
			path = ViewModels;
			sourceTree = "<group>";
		};
		D47F9FF92C18F2990092A59E /* Views */ = {
			isa = PBXGroup;
			children = (
				D47F9FFA2C18F2B40092A59E /* ContentView.swift */,
				D47F9FFC2C18F2EC0092A59E /* MealDetailView.swift */,
				D47F9FFE2C18F3130092A59E /* URLImage.swift */,
				D47FA0002C18F7E00092A59E /* MealItemView.swift */,
				D47FA0022C1915CF0092A59E /* BottomNavigationBar.swift */,
				D47FA0042C191C470092A59E /* MarqueeText.swift */,
				D47FA0102C194B380092A59E /* SplashScreen.swift */,
				D47FA0142C1996880092A59E /* RoundedCorner.swift */,
			);
			path = Views;
			sourceTree = "<group>";
		};
		D4932CA62C19A7A500FD0D57 /* Assets.xcassets */ = {
			isa = PBXGroup;
			children = (
			);
			path = Assets.xcassets;
			sourceTree = "<group>";
		};
		D4932CAA2C19B6F400FD0D57 /* Screenshots */ = {
			isa = PBXGroup;
			children = (
			);
			path = Screenshots;
			sourceTree = "<group>";
		};
/* End PBXGroup section */

/* Begin PBXNativeTarget section */
		D47F9FD92C18EEC80092A59E /* DesertRecipes */ = {
			isa = PBXNativeTarget;
			buildConfigurationList = D47F9FE82C18EECA0092A59E /* Build configuration list for PBXNativeTarget "DesertRecipes" */;
			buildPhases = (
				D47F9FD62C18EEC80092A59E /* Sources */,
				D47F9FD72C18EEC80092A59E /* Frameworks */,
				D47F9FD82C18EEC80092A59E /* Resources */,
			);
			buildRules = (
			);
			dependencies = (
			);
			name = DesertRecipes;
			productName = DesertRecipes;
			productReference = D47F9FDA2C18EEC80092A59E /* DesertRecipes.app */;
			productType = "com.apple.product-type.application";
		};
/* End PBXNativeTarget section */

/* Begin PBXProject section */
		D47F9FD22C18EEC70092A59E /* Project object */ = {
			isa = PBXProject;
			attributes = {
				BuildIndependentTargetsInParallel = 1;
				LastSwiftUpdateCheck = 1420;
				LastUpgradeCheck = 1420;
				TargetAttributes = {
					D47F9FD92C18EEC80092A59E = {
						CreatedOnToolsVersion = 14.2;
					};
				};
			};
			buildConfigurationList = D47F9FD52C18EEC70092A59E /* Build configuration list for PBXProject "DessertRecipes" */;
			compatibilityVersion = "Xcode 14.0";
			developmentRegion = en;
			hasScannedForEncodings = 0;
			knownRegions = (
				en,
				Base,
			);
			mainGroup = D47F9FD12C18EEC70092A59E;
			productRefGroup = D47F9FDB2C18EEC80092A59E /* Products */;
			projectDirPath = "";
			projectRoot = "";
			targets = (
				D47F9FD92C18EEC80092A59E /* DesertRecipes */,
			);
		};
/* End PBXProject section */

/* Begin PBXResourcesBuildPhase section */
		D47F9FD82C18EEC80092A59E /* Resources */ = {
			isa = PBXResourcesBuildPhase;
			buildActionMask = 2147483647;
			files = (
			);
			runOnlyForDeploymentPostprocessing = 0;
		};
/* End PBXResourcesBuildPhase section */

/* Begin PBXSourcesBuildPhase section */
		D47F9FD62C18EEC80092A59E /* Sources */ = {
			isa = PBXSourcesBuildPhase;
			buildActionMask = 2147483647;
			files = (
				D47F9FFD2C18F2EC0092A59E /* MealDetailView.swift in Sources */,
				D47F9FF22C18F1DC0092A59E /* ApiService.swift in Sources */,
				D47FA0012C18F7E00092A59E /* MealItemView.swift in Sources */,
				D47F9FFF2C18F3130092A59E /* URLImage.swift in Sources */,
				D47FA0032C1915CF0092A59E /* BottomNavigationBar.swift in Sources */,
				D47F9FFB2C18F2B40092A59E /* ContentView.swift in Sources */,
				D47FA0152C1996880092A59E /* RoundedCorner.swift in Sources */,
				D47F9FEF2C18F0100092A59E /* MealDetail.swift in Sources */,
				D47FA0112C194B380092A59E /* SplashScreen.swift in Sources */,
				D47F9FED2C18EFB60092A59E /* Meal.swift in Sources */,
				D47FA0052C191C470092A59E /* MarqueeText.swift in Sources */,
				D47F9FDE2C18EEC80092A59E /* DessertRecipesApp.swift in Sources */,
				D47F9FF82C18F2710092A59E /* MealDetailViewModel.swift in Sources */,
				D47F9FF62C18F2320092A59E /* MealListViewModel.swift in Sources */,
			);
			runOnlyForDeploymentPostprocessing = 0;
		};
/* End PBXSourcesBuildPhase section */

/* Begin XCBuildConfiguration section */
		D47F9FE62C18EECA0092A59E /* Debug */ = {
			isa = XCBuildConfiguration;
			buildSettings = {
				ALWAYS_SEARCH_USER_PATHS = NO;
				CLANG_ANALYZER_NONNULL = YES;
				CLANG_ANALYZER_NUMBER_OBJECT_CONVERSION = YES_AGGRESSIVE;
				CLANG_CXX_LANGUAGE_STANDARD = "gnu++20";
				CLANG_ENABLE_MODULES = YES;
				CLANG_ENABLE_OBJC_ARC = YES;
				CLANG_ENABLE_OBJC_WEAK = YES;
				CLANG_WARN_BLOCK_CAPTURE_AUTORELEASING = YES;
				CLANG_WARN_BOOL_CONVERSION = YES;
				CLANG_WARN_COMMA = YES;
				CLANG_WARN_CONSTANT_CONVERSION = YES;
				CLANG_WARN_DEPRECATED_OBJC_IMPLEMENTATIONS = YES;
				CLANG_WARN_DIRECT_OBJC_ISA_USAGE = YES_ERROR;
				CLANG_WARN_DOCUMENTATION_COMMENTS = YES;
				CLANG_WARN_EMPTY_BODY = YES;
				CLANG_WARN_ENUM_CONVERSION = YES;
				CLANG_WARN_INFINITE_RECURSION = YES;
				CLANG_WARN_INT_CONVERSION = YES;
				CLANG_WARN_NON_LITERAL_NULL_CONVERSION = YES;
				CLANG_WARN_OBJC_IMPLICIT_RETAIN_SELF = YES;
				CLANG_WARN_OBJC_LITERAL_CONVERSION = YES;
				CLANG_WARN_OBJC_ROOT_CLASS = YES_ERROR;
				CLANG_WARN_QUOTED_INCLUDE_IN_FRAMEWORK_HEADER = YES;
				CLANG_WARN_RANGE_LOOP_ANALYSIS = YES;
				CLANG_WARN_STRICT_PROTOTYPES = YES;
				CLANG_WARN_SUSPICIOUS_MOVE = YES;
				CLANG_WARN_UNGUARDED_AVAILABILITY = YES_AGGRESSIVE;
				CLANG_WARN_UNREACHABLE_CODE = YES;
				CLANG_WARN__DUPLICATE_METHOD_MATCH = YES;
				COPY_PHASE_STRIP = NO;
				DEBUG_INFORMATION_FORMAT = dwarf;
				ENABLE_STRICT_OBJC_MSGSEND = YES;
				ENABLE_TESTABILITY = YES;
				GCC_C_LANGUAGE_STANDARD = gnu11;
				GCC_DYNAMIC_NO_PIC = NO;
				GCC_NO_COMMON_BLOCKS = YES;
				GCC_OPTIMIZATION_LEVEL = 0;
				GCC_PREPROCESSOR_DEFINITIONS = (
					"DEBUG=1",
					"$(inherited)",
				);
				GCC_WARN_64_TO_32_BIT_CONVERSION = YES;
				GCC_WARN_ABOUT_RETURN_TYPE = YES_ERROR;
				GCC_WARN_UNDECLARED_SELECTOR = YES;
				GCC_WARN_UNINITIALIZED_AUTOS = YES_AGGRESSIVE;
				GCC_WARN_UNUSED_FUNCTION = YES;
				GCC_WARN_UNUSED_VARIABLE = YES;
				IPHONEOS_DEPLOYMENT_TARGET = 16.2;
				MTL_ENABLE_DEBUG_INFO = INCLUDE_SOURCE;
				MTL_FAST_MATH = YES;
				ONLY_ACTIVE_ARCH = YES;
				SDKROOT = iphoneos;
				SWIFT_ACTIVE_COMPILATION_CONDITIONS = DEBUG;
				SWIFT_OPTIMIZATION_LEVEL = "-Onone";
			};
			name = Debug;
		};
		D47F9FE72C18EECA0092A59E /* Release */ = {
			isa = XCBuildConfiguration;
			buildSettings = {
				ALWAYS_SEARCH_USER_PATHS = NO;
				CLANG_ANALYZER_NONNULL = YES;
				CLANG_ANALYZER_NUMBER_OBJECT_CONVERSION = YES_AGGRESSIVE;
				CLANG_CXX_LANGUAGE_STANDARD = "gnu++20";
				CLANG_ENABLE_MODULES = YES;
				CLANG_ENABLE_OBJC_ARC = YES;
				CLANG_ENABLE_OBJC_WEAK = YES;
				CLANG_WARN_BLOCK_CAPTURE_AUTORELEASING = YES;
				CLANG_WARN_BOOL_CONVERSION = YES;
				CLANG_WARN_COMMA = YES;
				CLANG_WARN_CONSTANT_CONVERSION = YES;
				CLANG_WARN_DEPRECATED_OBJC_IMPLEMENTATIONS = YES;
				CLANG_WARN_DIRECT_OBJC_ISA_USAGE = YES_ERROR;
				CLANG_WARN_DOCUMENTATION_COMMENTS = YES;
				CLANG_WARN_EMPTY_BODY = YES;
				CLANG_WARN_ENUM_CONVERSION = YES;
				CLANG_WARN_INFINITE_RECURSION = YES;
				CLANG_WARN_INT_CONVERSION = YES;
				CLANG_WARN_NON_LITERAL_NULL_CONVERSION = YES;
				CLANG_WARN_OBJC_IMPLICIT_RETAIN_SELF = YES;
				CLANG_WARN_OBJC_LITERAL_CONVERSION = YES;
				CLANG_WARN_OBJC_ROOT_CLASS = YES_ERROR;
				CLANG_WARN_QUOTED_INCLUDE_IN_FRAMEWORK_HEADER = YES;
				CLANG_WARN_RANGE_LOOP_ANALYSIS = YES;
				CLANG_WARN_STRICT_PROTOTYPES = YES;
				CLANG_WARN_SUSPICIOUS_MOVE = YES;
				CLANG_WARN_UNGUARDED_AVAILABILITY = YES_AGGRESSIVE;
				CLANG_WARN_UNREACHABLE_CODE = YES;
				CLANG_WARN__DUPLICATE_METHOD_MATCH = YES;
				COPY_PHASE_STRIP = NO;
				DEBUG_INFORMATION_FORMAT = "dwarf-with-dsym";
				ENABLE_NS_ASSERTIONS = NO;
				ENABLE_STRICT_OBJC_MSGSEND = YES;
				GCC_C_LANGUAGE_STANDARD = gnu11;
				GCC_NO_COMMON_BLOCKS = YES;
				GCC_WARN_64_TO_32_BIT_CONVERSION = YES;
				GCC_WARN_ABOUT_RETURN_TYPE = YES_ERROR;
				GCC_WARN_UNDECLARED_SELECTOR = YES;
				GCC_WARN_UNINITIALIZED_AUTOS = YES_AGGRESSIVE;
				GCC_WARN_UNUSED_FUNCTION = YES;
				GCC_WARN_UNUSED_VARIABLE = YES;
				IPHONEOS_DEPLOYMENT_TARGET = 16.2;
				MTL_ENABLE_DEBUG_INFO = NO;
				MTL_FAST_MATH = YES;
				SDKROOT = iphoneos;
				SWIFT_COMPILATION_MODE = wholemodule;
				SWIFT_OPTIMIZATION_LEVEL = "-O";
				VALIDATE_PRODUCT = YES;
			};
			name = Release;
		};
		D47F9FE92C18EECA0092A59E /* Debug */ = {
			isa = XCBuildConfiguration;
			buildSettings = {
				ASSETCATALOG_COMPILER_APPICON_NAME = AppIcon;
				ASSETCATALOG_COMPILER_GLOBAL_ACCENT_COLOR_NAME = AccentColor;
				CODE_SIGN_STYLE = Automatic;
				CURRENT_PROJECT_VERSION = 1;
				DEVELOPMENT_ASSET_PATHS = "\"DessertRecipes/Preview Content\"";
				ENABLE_PREVIEWS = YES;
				GENERATE_INFOPLIST_FILE = YES;
				INFOPLIST_KEY_UIApplicationSceneManifest_Generation = YES;
				INFOPLIST_KEY_UIApplicationSupportsIndirectInputEvents = YES;
				INFOPLIST_KEY_UILaunchScreen_Generation = YES;
				INFOPLIST_KEY_UISupportedInterfaceOrientations_iPad = "UIInterfaceOrientationPortrait UIInterfaceOrientationPortraitUpsideDown UIInterfaceOrientationLandscapeLeft UIInterfaceOrientationLandscapeRight";
				INFOPLIST_KEY_UISupportedInterfaceOrientations_iPhone = "UIInterfaceOrientationPortrait UIInterfaceOrientationLandscapeLeft UIInterfaceOrientationLandscapeRight";
				LD_RUNPATH_SEARCH_PATHS = (
					"$(inherited)",
					"@executable_path/Frameworks",
				);
				MARKETING_VERSION = 1.0;
				PRODUCT_BUNDLE_IDENTIFIER = Test.DesertRecipes;
				PRODUCT_NAME = "$(TARGET_NAME)";
				SWIFT_EMIT_LOC_STRINGS = YES;
				SWIFT_VERSION = 5.0;
				TARGETED_DEVICE_FAMILY = "1,2";
			};
			name = Debug;
		};
		D47F9FEA2C18EECA0092A59E /* Release */ = {
			isa = XCBuildConfiguration;
			buildSettings = {
				ASSETCATALOG_COMPILER_APPICON_NAME = AppIcon;
				ASSETCATALOG_COMPILER_GLOBAL_ACCENT_COLOR_NAME = AccentColor;
				CODE_SIGN_STYLE = Automatic;
				CURRENT_PROJECT_VERSION = 1;
				DEVELOPMENT_ASSET_PATHS = "\"DessertRecipes/Preview Content\"";
				ENABLE_PREVIEWS = YES;
				GENERATE_INFOPLIST_FILE = YES;
				INFOPLIST_KEY_UIApplicationSceneManifest_Generation = YES;
				INFOPLIST_KEY_UIApplicationSupportsIndirectInputEvents = YES;
				INFOPLIST_KEY_UILaunchScreen_Generation = YES;
				INFOPLIST_KEY_UISupportedInterfaceOrientations_iPad = "UIInterfaceOrientationPortrait UIInterfaceOrientationPortraitUpsideDown UIInterfaceOrientationLandscapeLeft UIInterfaceOrientationLandscapeRight";
				INFOPLIST_KEY_UISupportedInterfaceOrientations_iPhone = "UIInterfaceOrientationPortrait UIInterfaceOrientationLandscapeLeft UIInterfaceOrientationLandscapeRight";
				LD_RUNPATH_SEARCH_PATHS = (
					"$(inherited)",
					"@executable_path/Frameworks",
				);
				MARKETING_VERSION = 1.0;
				PRODUCT_BUNDLE_IDENTIFIER = Test.DesertRecipes;
				PRODUCT_NAME = "$(TARGET_NAME)";
				SWIFT_EMIT_LOC_STRINGS = YES;
				SWIFT_VERSION = 5.0;
				TARGETED_DEVICE_FAMILY = "1,2";
			};
			name = Release;
		};
/* End XCBuildConfiguration section */

/* Begin XCConfigurationList section */
		D47F9FD52C18EEC70092A59E /* Build configuration list for PBXProject "DessertRecipes" */ = {
			isa = XCConfigurationList;
			buildConfigurations = (
				D47F9FE62C18EECA0092A59E /* Debug */,
				D47F9FE72C18EECA0092A59E /* Release */,
			);
			defaultConfigurationIsVisible = 0;
			defaultConfigurationName = Release;
		};
		D47F9FE82C18EECA0092A59E /* Build configuration list for PBXNativeTarget "DesertRecipes" */ = {
			isa = XCConfigurationList;
			buildConfigurations = (
				D47F9FE92C18EECA0092A59E /* Debug */,
				D47F9FEA2C18EECA0092A59E /* Release */,
			);
			defaultConfigurationIsVisible = 0;
			defaultConfigurationName = Release;
		};
/* End XCConfigurationList section */
	};
	rootObject = D47F9FD22C18EEC70092A59E /* Project object */;
}
